// !$*UTF8*$!
{
	archiveVersion = 1;
	classes = {
	};
	objectVersion = 46;
	objects = {

/* Begin PBXBuildFile section */
		457123611985C08000C8B500 /* graph-manager.cpp in Sources */ = {isa = PBXBuildFile; fileRef = 4571235F1985C08000C8B500 /* graph-manager.cpp */; };
		45A0FCBB19809CCB0021A196 /* main.cpp in Sources */ = {isa = PBXBuildFile; fileRef = 45A0FCBA19809CCB0021A196 /* main.cpp */; };
		45A0FCBD19809CCB0021A196 /* Siga.1 in CopyFiles */ = {isa = PBXBuildFile; fileRef = 45A0FCBC19809CCB0021A196 /* Siga.1 */; };
		45A0FCC519809CE10021A196 /* sparse-matrix.cpp in Sources */ = {isa = PBXBuildFile; fileRef = 45A0FCC319809CE10021A196 /* sparse-matrix.cpp */; };
		45A0FCC819809FA30021A196 /* node.cpp in Sources */ = {isa = PBXBuildFile; fileRef = 45A0FCC619809FA30021A196 /* node.cpp */; };
		45A0FCCB19809FC50021A196 /* element.cpp in Sources */ = {isa = PBXBuildFile; fileRef = 45A0FCC919809FC50021A196 /* element.cpp */; };
		45A0FCD119809FFB0021A196 /* link.cpp in Sources */ = {isa = PBXBuildFile; fileRef = 45A0FCCF19809FFB0021A196 /* link.cpp */; };
		45A0FCD41980A65E0021A196 /* draw-manager.cpp in Sources */ = {isa = PBXBuildFile; fileRef = 45A0FCD21980A65E0021A196 /* draw-manager.cpp */; };
/* End PBXBuildFile section */

/* Begin PBXCopyFilesBuildPhase section */
		45A0FCB519809CCB0021A196 /* CopyFiles */ = {
			isa = PBXCopyFilesBuildPhase;
			buildActionMask = 2147483647;
			dstPath = /usr/share/man/man1/;
			dstSubfolderSpec = 0;
			files = (
				45A0FCBD19809CCB0021A196 /* Siga.1 in CopyFiles */,
			);
			runOnlyForDeploymentPostprocessing = 1;
		};
/* End PBXCopyFilesBuildPhase section */

/* Begin PBXFileReference section */
		4571235F1985C08000C8B500 /* graph-manager.cpp */ = {isa = PBXFileReference; fileEncoding = 4; lastKnownFileType = sourcecode.cpp.cpp; path = "graph-manager.cpp"; sourceTree = "<group>"; };
		457123601985C08000C8B500 /* graph-manager.h */ = {isa = PBXFileReference; fileEncoding = 4; lastKnownFileType = sourcecode.c.h; path = "graph-manager.h"; sourceTree = "<group>"; };
		45A0FCB719809CCB0021A196 /* Siga */ = {isa = PBXFileReference; explicitFileType = "compiled.mach-o.executable"; includeInIndex = 0; path = Siga; sourceTree = BUILT_PRODUCTS_DIR; };
		45A0FCBA19809CCB0021A196 /* main.cpp */ = {isa = PBXFileReference; lastKnownFileType = sourcecode.cpp.cpp; path = main.cpp; sourceTree = "<group>"; };
		45A0FCBC19809CCB0021A196 /* Siga.1 */ = {isa = PBXFileReference; lastKnownFileType = text.man; path = Siga.1; sourceTree = "<group>"; };
		45A0FCC319809CE10021A196 /* sparse-matrix.cpp */ = {isa = PBXFileReference; fileEncoding = 4; lastKnownFileType = sourcecode.cpp.cpp; path = "sparse-matrix.cpp"; sourceTree = "<group>"; };
		45A0FCC419809CE10021A196 /* sparse-matrix.h */ = {isa = PBXFileReference; fileEncoding = 4; lastKnownFileType = sourcecode.c.h; path = "sparse-matrix.h"; sourceTree = "<group>"; };
		45A0FCC619809FA30021A196 /* node.cpp */ = {isa = PBXFileReference; fileEncoding = 4; lastKnownFileType = sourcecode.cpp.cpp; path = node.cpp; sourceTree = "<group>"; };
		45A0FCC719809FA30021A196 /* node.h */ = {isa = PBXFileReference; fileEncoding = 4; lastKnownFileType = sourcecode.c.h; path = node.h; sourceTree = "<group>"; };
		45A0FCC919809FC50021A196 /* element.cpp */ = {isa = PBXFileReference; fileEncoding = 4; lastKnownFileType = sourcecode.cpp.cpp; path = element.cpp; sourceTree = "<group>"; };
		45A0FCCA19809FC50021A196 /* element.h */ = {isa = PBXFileReference; fileEncoding = 4; lastKnownFileType = sourcecode.c.h; path = element.h; sourceTree = "<group>"; };
		45A0FCCF19809FFB0021A196 /* link.cpp */ = {isa = PBXFileReference; fileEncoding = 4; lastKnownFileType = sourcecode.cpp.cpp; path = link.cpp; sourceTree = "<group>"; };
		45A0FCD019809FFB0021A196 /* link.h */ = {isa = PBXFileReference; fileEncoding = 4; lastKnownFileType = sourcecode.c.h; path = link.h; sourceTree = "<group>"; };
		45A0FCD21980A65E0021A196 /* draw-manager.cpp */ = {isa = PBXFileReference; fileEncoding = 4; lastKnownFileType = sourcecode.cpp.cpp; path = "draw-manager.cpp"; sourceTree = "<group>"; };
		45A0FCD31980A65E0021A196 /* draw-manager.h */ = {isa = PBXFileReference; fileEncoding = 4; lastKnownFileType = sourcecode.c.h; path = "draw-manager.h"; sourceTree = "<group>"; };
/* End PBXFileReference section */

/* Begin PBXFrameworksBuildPhase section */
		45A0FCB419809CCB0021A196 /* Frameworks */ = {
			isa = PBXFrameworksBuildPhase;
			buildActionMask = 2147483647;
			files = (
			);
			runOnlyForDeploymentPostprocessing = 0;
		};
/* End PBXFrameworksBuildPhase section */

/* Begin PBXGroup section */
		45A0FCAE19809CCA0021A196 = {
			isa = PBXGroup;
			children = (
				45A0FCB919809CCB0021A196 /* Siga */,
				45A0FCB819809CCB0021A196 /* Products */,
			);
			sourceTree = "<group>";
		};
		45A0FCB819809CCB0021A196 /* Products */ = {
			isa = PBXGroup;
			children = (
				45A0FCB719809CCB0021A196 /* Siga */,
			);
			name = Products;
			sourceTree = "<group>";
		};
		45A0FCB919809CCB0021A196 /* Siga */ = {
			isa = PBXGroup;
			children = (
				45A0FCBA19809CCB0021A196 /* main.cpp */,
				45A0FCC619809FA30021A196 /* node.cpp */,
				45A0FCC719809FA30021A196 /* node.h */,
				45A0FCC919809FC50021A196 /* element.cpp */,
				45A0FCCA19809FC50021A196 /* element.h */,
				45A0FCBC19809CCB0021A196 /* Siga.1 */,
				45A0FCC319809CE10021A196 /* sparse-matrix.cpp */,
				45A0FCC419809CE10021A196 /* sparse-matrix.h */,
				45A0FCCF19809FFB0021A196 /* link.cpp */,
				45A0FCD019809FFB0021A196 /* link.h */,
				45A0FCD21980A65E0021A196 /* draw-manager.cpp */,
				45A0FCD31980A65E0021A196 /* draw-manager.h */,
				4571235F1985C08000C8B500 /* graph-manager.cpp */,
				457123601985C08000C8B500 /* graph-manager.h */,
			);
			path = Siga;
			sourceTree = "<group>";
		};
/* End PBXGroup section */

/* Begin PBXNativeTarget section */
		45A0FCB619809CCB0021A196 /* Siga */ = {
			isa = PBXNativeTarget;
			buildConfigurationList = 45A0FCC019809CCB0021A196 /* Build configuration list for PBXNativeTarget "Siga" */;
			buildPhases = (
				45A0FCB319809CCB0021A196 /* Sources */,
				45A0FCB419809CCB0021A196 /* Frameworks */,
				45A0FCB519809CCB0021A196 /* CopyFiles */,
			);
			buildRules = (
			);
			dependencies = (
			);
			name = Siga;
			productName = Siga;
			productReference = 45A0FCB719809CCB0021A196 /* Siga */;
			productType = "com.apple.product-type.tool";
		};
/* End PBXNativeTarget section */

/* Begin PBXProject section */
		45A0FCAF19809CCA0021A196 /* Project object */ = {
			isa = PBXProject;
			attributes = {
				LastUpgradeCheck = 0510;
				ORGANIZATIONNAME = "Sergio Vieira";
			};
			buildConfigurationList = 45A0FCB219809CCA0021A196 /* Build configuration list for PBXProject "Siga" */;
			compatibilityVersion = "Xcode 3.2";
			developmentRegion = English;
			hasScannedForEncodings = 0;
			knownRegions = (
				en,
			);
			mainGroup = 45A0FCAE19809CCA0021A196;
			productRefGroup = 45A0FCB819809CCB0021A196 /* Products */;
			projectDirPath = "";
			projectRoot = "";
			targets = (
				45A0FCB619809CCB0021A196 /* Siga */,
			);
		};
/* End PBXProject section */

/* Begin PBXSourcesBuildPhase section */
		45A0FCB319809CCB0021A196 /* Sources */ = {
			isa = PBXSourcesBuildPhase;
			buildActionMask = 2147483647;
			files = (
				457123611985C08000C8B500 /* graph-manager.cpp in Sources */,
				45A0FCC519809CE10021A196 /* sparse-matrix.cpp in Sources */,
				45A0FCD41980A65E0021A196 /* draw-manager.cpp in Sources */,
				45A0FCBB19809CCB0021A196 /* main.cpp in Sources */,
				45A0FCCB19809FC50021A196 /* element.cpp in Sources */,
				45A0FCD119809FFB0021A196 /* link.cpp in Sources */,
				45A0FCC819809FA30021A196 /* node.cpp in Sources */,
			);
			runOnlyForDeploymentPostprocessing = 0;
		};
/* End PBXSourcesBuildPhase section */

/* Begin XCBuildConfiguration section */
		45A0FCBE19809CCB0021A196 /* Debug */ = {
			isa = XCBuildConfiguration;
			buildSettings = {
				ALWAYS_SEARCH_USER_PATHS = NO;
				CLANG_CXX_LANGUAGE_STANDARD = "gnu++0x";
				CLANG_CXX_LIBRARY = "libc++";
				CLANG_ENABLE_MODULES = YES;
				CLANG_ENABLE_OBJC_ARC = YES;
				CLANG_WARN_BOOL_CONVERSION = YES;
				CLANG_WARN_CONSTANT_CONVERSION = YES;
				CLANG_WARN_DIRECT_OBJC_ISA_USAGE = YES_ERROR;
				CLANG_WARN_EMPTY_BODY = YES;
				CLANG_WARN_ENUM_CONVERSION = YES;
				CLANG_WARN_INT_CONVERSION = YES;
				CLANG_WARN_OBJC_ROOT_CLASS = YES_ERROR;
				CLANG_WARN__DUPLICATE_METHOD_MATCH = YES;
				COPY_PHASE_STRIP = NO;
				GCC_C_LANGUAGE_STANDARD = gnu99;
				GCC_DYNAMIC_NO_PIC = NO;
				GCC_ENABLE_OBJC_EXCEPTIONS = YES;
				GCC_OPTIMIZATION_LEVEL = 0;
				GCC_PREPROCESSOR_DEFINITIONS = (
					"DEBUG=1",
					"$(inherited)",
				);
				GCC_SYMBOLS_PRIVATE_EXTERN = NO;
				GCC_WARN_64_TO_32_BIT_CONVERSION = YES;
				GCC_WARN_ABOUT_RETURN_TYPE = YES_ERROR;
				GCC_WARN_UNDECLARED_SELECTOR = YES;
				GCC_WARN_UNINITIALIZED_AUTOS = YES_AGGRESSIVE;
				GCC_WARN_UNUSED_FUNCTION = YES;
				GCC_WARN_UNUSED_VARIABLE = YES;
				MACOSX_DEPLOYMENT_TARGET = 10.9;
				ONLY_ACTIVE_ARCH = YES;
				SDKROOT = macosx;
			};
			name = Debug;
		};
		45A0FCBF19809CCB0021A196 /* Release */ = {
			isa = XCBuildConfiguration;
			buildSettings = {
				ALWAYS_SEARCH_USER_PATHS = NO;
				CLANG_CXX_LANGUAGE_STANDARD = "gnu++0x";
				CLANG_CXX_LIBRARY = "libc++";
				CLANG_ENABLE_MODULES = YES;
				CLANG_ENABLE_OBJC_ARC = YES;
				CLANG_WARN_BOOL_CONVERSION = YES;
				CLANG_WARN_CONSTANT_CONVERSION = YES;
				CLANG_WARN_DIRECT_OBJC_ISA_USAGE = YES_ERROR;
				CLANG_WARN_EMPTY_BODY = YES;
				CLANG_WARN_ENUM_CONVERSION = YES;
				CLANG_WARN_INT_CONVERSION = YES;
				CLANG_WARN_OBJC_ROOT_CLASS = YES_ERROR;
				CLANG_WARN__DUPLICATE_METHOD_MATCH = YES;
				COPY_PHASE_STRIP = YES;
				DEBUG_INFORMATION_FORMAT = "dwarf-with-dsym";
				ENABLE_NS_ASSERTIONS = NO;
				GCC_C_LANGUAGE_STANDARD = gnu99;
				GCC_ENABLE_OBJC_EXCEPTIONS = YES;
				GCC_WARN_64_TO_32_BIT_CONVERSION = YES;
				GCC_WARN_ABOUT_RETURN_TYPE = YES_ERROR;
				GCC_WARN_UNDECLARED_SELECTOR = YES;
				GCC_WARN_UNINITIALIZED_AUTOS = YES_AGGRESSIVE;
				GCC_WARN_UNUSED_FUNCTION = YES;
				GCC_WARN_UNUSED_VARIABLE = YES;
				MACOSX_DEPLOYMENT_TARGET = 10.9;
				SDKROOT = macosx;
			};
			name = Release;
		};
		45A0FCC119809CCB0021A196 /* Debug */ = {
			isa = XCBuildConfiguration;
			buildSettings = {
				PRODUCT_NAME = "$(TARGET_NAME)";
			};
			name = Debug;
		};
		45A0FCC219809CCB0021A196 /* Release */ = {
			isa = XCBuildConfiguration;
			buildSettings = {
				PRODUCT_NAME = "$(TARGET_NAME)";
			};
			name = Release;
		};
/* End XCBuildConfiguration section */

/* Begin XCConfigurationList section */
		45A0FCB219809CCA0021A196 /* Build configuration list for PBXProject "Siga" */ = {
			isa = XCConfigurationList;
			buildConfigurations = (
				45A0FCBE19809CCB0021A196 /* Debug */,
				45A0FCBF19809CCB0021A196 /* Release */,
			);
			defaultConfigurationIsVisible = 0;
			defaultConfigurationName = Release;
		};
		45A0FCC019809CCB0021A196 /* Build configuration list for PBXNativeTarget "Siga" */ = {
			isa = XCConfigurationList;
			buildConfigurations = (
				45A0FCC119809CCB0021A196 /* Debug */,
				45A0FCC219809CCB0021A196 /* Release */,
			);
			defaultConfigurationIsVisible = 0;
			defaultConfigurationName = Release;
		};
/* End XCConfigurationList section */
	};
	rootObject = 45A0FCAF19809CCA0021A196 /* Project object */;
}
